<?xml version="1.0" encoding="utf-8"?>
<Project ToolsVersion="4.0" xmlns="http://schemas.microsoft.com/developer/msbuild/2003">
  <ItemGroup>
    <Filter Include="Source Files">
      <UniqueIdentifier>{4FC737F1-C7A5-4376-A066-2A32D752A2FF}</UniqueIdentifier>
      <Extensions>cpp;c;cc;cxx;c++;cppm;ixx;def;odl;idl;hpj;bat;asm;asmx</Extensions>
    </Filter>
    <Filter Include="Source Files\Utilities">
      <UniqueIdentifier>{1e0b9686-c256-4672-b66e-fcbe44002987}</UniqueIdentifier>
    </Filter>
  </ItemGroup>
  <ItemGroup>
    <ClCompile Include="Code\Main.cpp">
      <Filter>Source Files</Filter>
    </ClCompile>
    <ClCompile Include="Code\Day1.cpp">
      <Filter>Source Files</Filter>
    </ClCompile>
    <ClCompile Include="Code\Day2.cpp">
      <Filter>Source Files</Filter>
    </ClCompile>
    <ClCompile Include="Code\Day3.cpp">
      <Filter>Source Files</Filter>
    </ClCompile>
    <ClCompile Include="Code\Day4.cpp">
      <Filter>Source Files</Filter>
    </ClCompile>
    <ClCompile Include="Code\Day5.cpp">
      <Filter>Source Files</Filter>
    </ClCompile>
    <ClCompile Include="Code\Day6.cpp">
      <Filter>Source Files</Filter>
    </ClCompile>
    <ClCompile Include="Code\Day7.cpp">
      <Filter>Source Files</Filter>
    </ClCompile>
    <ClCompile Include="Code\Day8.cpp">
      <Filter>Source Files</Filter>
    </ClCompile>
    <ClCompile Include="Code\Day9.cpp">
      <Filter>Source Files</Filter>
    </ClCompile>
  </ItemGroup>
  <ItemGroup>
    <ClInclude Include="Code\Day1.h">
      <Filter>Source Files</Filter>
    </ClInclude>
    <ClInclude Include="Code\Day2.h">
      <Filter>Source Files</Filter>
    </ClInclude>
    <ClInclude Include="Code\Day3.h">
      <Filter>Source Files</Filter>
    </ClInclude>
    <ClInclude Include="Code\Day4.h">
      <Filter>Source Files</Filter>
    </ClInclude>
    <ClInclude Include="Code\Utilities\Utilities.h">
      <Filter>Source Files\Utilities</Filter>
    </ClInclude>
    <ClInclude Include="Code\Utilities\FullParsers.h">
      <Filter>Source Files\Utilities</Filter>
    </ClInclude>
    <ClInclude Include="Code\Utilities\PartialParsers.h">
      <Filter>Source Files\Utilities</Filter>
    </ClInclude>
    <ClInclude Include="Code\Day5.h">
      <Filter>Source Files</Filter>
    </ClInclude>
    <ClInclude Include="Code\Day6.h">
      <Filter>Source Files</Filter>
    </ClInclude>
    <ClInclude Include="Code\Day7.h">
      <Filter>Source Files</Filter>
    </ClInclude>
    <ClInclude Include="Code\Day8.h">
      <Filter>Source Files</Filter>
    </ClInclude>
    <ClInclude Include="Code\Day9.h">
      <Filter>Source Files</Filter>
    </ClInclude>
  </ItemGroup>
</Project>