
Microsoft Visual Studio Solution File, Format Version 12.00
# Visual Studio Version 17
VisualStudioVersion = 17.0.31912.275
MinimumVisualStudioVersion = 10.0.40219.1
Project("{8BC9CEB8-8B4A-11D0-8D11-00A0C91BC942}") = "AdventOfCode2021", "AdventOfCode2021.vcxproj", "{AF7054B0-08FD-4D33-9CF9-6A83F0013AD0}"
EndProject
Global
	GlobalSection(SolutionConfigurationPlatforms) = preSolution
		Debug|Any CPU = Debug|Any CPU
		Debug|x64 = Debug|x64
		Debug|x86 = Debug|x86
		Release|Any CPU = Release|Any CPU
		Release|x64 = Release|x64
		Release|x86 = Release|x86
	EndGlobalSection
	GlobalSection(ProjectConfigurationPlatforms) = postSolution
		{AF7054B0-08FD-4D33-9CF9-6A83F0013AD0}.Debug|Any CPU.ActiveCfg = Debug|x64
		{AF7054B0-08FD-4D33-9CF9-6A83F0013AD0}.Debug|Any CPU.Build.0 = Debug|x64
		{AF7054B0-08FD-4D33-9CF9-6A83F0013AD0}.Debug|x64.ActiveCfg = Debug|x64
		{AF7054B0-08FD-4D33-9CF9-6A83F0013AD0}.Debug|x64.Build.0 = Debug|x64
		{AF7054B0-08FD-4D33-9CF9-6A83F0013AD0}.Debug|x86.ActiveCfg = Debug|Win32
		{AF7054B0-08FD-4D33-9CF9-6A83F0013AD0}.Debug|x86.Build.0 = Debug|Win32
		{AF7054B0-08FD-4D33-9CF9-6A83F0013AD0}.Release|Any CPU.ActiveCfg = Release|x64
		{AF7054B0-08FD-4D33-9CF9-6A83F0013AD0}.Release|Any CPU.Build.0 = Release|x64
		{AF7054B0-08FD-4D33-9CF9-6A83F0013AD0}.Release|x64.ActiveCfg = Release|x64
		{AF7054B0-08FD-4D33-9CF9-6A83F0013AD0}.Release|x64.Build.0 = Release|x64
		{AF7054B0-08FD-4D33-9CF9-6A83F0013AD0}.Release|x86.ActiveCfg = Release|Win32
		{AF7054B0-08FD-4D33-9CF9-6A83F0013AD0}.Release|x86.Build.0 = Release|Win32
	EndGlobalSection
	GlobalSection(SolutionProperties) = preSolution
		HideSolutionNode = FALSE
	EndGlobalSection
	GlobalSection(ExtensibilityGlobals) = postSolution
		SolutionGuid = {9ABF48A1-D779-4D8C-BE1C-DF3FAEF879AE}
	EndGlobalSection
EndGlobal
